
Microsoft Visual Studio Solution File, Format Version 12.00
# Visual Studio Version 17
VisualStudioVersion = 17.9.34728.123
MinimumVisualStudioVersion = 10.0.40219.1
Project("{FAE04EC0-301F-11D3-BF4B-00C04F79EFBC}") = "ShopLoja", "ShopLoja\ShopLoja.csproj", "{1E35ECBC-272B-4FC1-A2FD-B2934A3CB956}"
EndProject
Project("{FAE04EC0-301F-11D3-BF4B-00C04F79EFBC}") = "BlazorShopApi", "BlazorShopApi\BlazorShopApi.csproj", "{F37C49AF-7707-4BC1-A231-2B3758284860}"
EndProject
Project("{FAE04EC0-301F-11D3-BF4B-00C04F79EFBC}") = "BlazorShopModels", "BlazorShopModels\BlazorShopModels.csproj", "{3D9A7EA5-C425-4C33-9F8A-D1AD813ACEE7}"
EndProject
Global
	GlobalSection(SolutionConfigurationPlatforms) = preSolution
		Debug|Any CPU = Debug|Any CPU
		Release|Any CPU = Release|Any CPU
	EndGlobalSection
	GlobalSection(ProjectConfigurationPlatforms) = postSolution
		{1E35ECBC-272B-4FC1-A2FD-B2934A3CB956}.Debug|Any CPU.ActiveCfg = Debug|Any CPU
		{1E35ECBC-272B-4FC1-A2FD-B2934A3CB956}.Debug|Any CPU.Build.0 = Debug|Any CPU
		{1E35ECBC-272B-4FC1-A2FD-B2934A3CB956}.Release|Any CPU.ActiveCfg = Release|Any CPU
		{1E35ECBC-272B-4FC1-A2FD-B2934A3CB956}.Release|Any CPU.Build.0 = Release|Any CPU
		{F37C49AF-7707-4BC1-A231-2B3758284860}.Debug|Any CPU.ActiveCfg = Debug|Any CPU
		{F37C49AF-7707-4BC1-A231-2B3758284860}.Debug|Any CPU.Build.0 = Debug|Any CPU
		{F37C49AF-7707-4BC1-A231-2B3758284860}.Release|Any CPU.ActiveCfg = Release|Any CPU
		{F37C49AF-7707-4BC1-A231-2B3758284860}.Release|Any CPU.Build.0 = Release|Any CPU
		{3D9A7EA5-C425-4C33-9F8A-D1AD813ACEE7}.Debug|Any CPU.ActiveCfg = Debug|Any CPU
		{3D9A7EA5-C425-4C33-9F8A-D1AD813ACEE7}.Debug|Any CPU.Build.0 = Debug|Any CPU
		{3D9A7EA5-C425-4C33-9F8A-D1AD813ACEE7}.Release|Any CPU.ActiveCfg = Release|Any CPU
		{3D9A7EA5-C425-4C33-9F8A-D1AD813ACEE7}.Release|Any CPU.Build.0 = Release|Any CPU
	EndGlobalSection
	GlobalSection(SolutionProperties) = preSolution
		HideSolutionNode = FALSE
	EndGlobalSection
	GlobalSection(ExtensibilityGlobals) = postSolution
		SolutionGuid = {4DC11E99-502F-42EB-9D31-1AFAA1B3126A}
	EndGlobalSection
EndGlobal
