
Microsoft Visual Studio Solution File, Format Version 12.00
# Visual Studio Version 17
VisualStudioVersion = 17.9.34728.123
MinimumVisualStudioVersion = 10.0.40219.1
Project("{9A19103F-16F7-4668-BE54-9A1E7A4F7556}") = "BlazorEngenharia", "BlazorEngenharia\BlazorEngenharia.csproj", "{D3A77456-5B6F-4F1F-B6F0-B42A07987EE8}"
EndProject
Project("{9A19103F-16F7-4668-BE54-9A1E7A4F7556}") = "ApiProjetoEngenharia", "ApiProjetoEngenharia\ApiProjetoEngenharia.csproj", "{D31EB119-020F-481F-A94D-B5E0B713AB90}"
EndProject
Global
	GlobalSection(SolutionConfigurationPlatforms) = preSolution
		Debug|Any CPU = Debug|Any CPU
		Release|Any CPU = Release|Any CPU
	EndGlobalSection
	GlobalSection(ProjectConfigurationPlatforms) = postSolution
		{D3A77456-5B6F-4F1F-B6F0-B42A07987EE8}.Debug|Any CPU.ActiveCfg = Debug|Any CPU
		{D3A77456-5B6F-4F1F-B6F0-B42A07987EE8}.Debug|Any CPU.Build.0 = Debug|Any CPU
		{D3A77456-5B6F-4F1F-B6F0-B42A07987EE8}.Release|Any CPU.ActiveCfg = Release|Any CPU
		{D3A77456-5B6F-4F1F-B6F0-B42A07987EE8}.Release|Any CPU.Build.0 = Release|Any CPU
		{D31EB119-020F-481F-A94D-B5E0B713AB90}.Debug|Any CPU.ActiveCfg = Debug|Any CPU
		{D31EB119-020F-481F-A94D-B5E0B713AB90}.Debug|Any CPU.Build.0 = Debug|Any CPU
		{D31EB119-020F-481F-A94D-B5E0B713AB90}.Release|Any CPU.ActiveCfg = Release|Any CPU
		{D31EB119-020F-481F-A94D-B5E0B713AB90}.Release|Any CPU.Build.0 = Release|Any CPU
	EndGlobalSection
	GlobalSection(SolutionProperties) = preSolution
		HideSolutionNode = FALSE
	EndGlobalSection
	GlobalSection(ExtensibilityGlobals) = postSolution
		SolutionGuid = {B9B3D355-CB1B-4D8C-823C-97AFA4657955}
	EndGlobalSection
EndGlobal
